
Microsoft Visual Studio Solution File, Format Version 12.00
# Visual Studio Version 17
VisualStudioVersion = 17.7.34031.279
MinimumVisualStudioVersion = 10.0.40219.1
Project("{9A19103F-16F7-4668-BE54-9A1E7A4F7556}") = "WeatherArchiver", "WeatherArchiver.csproj", "{43B5179F-7EB5-43CB-BC59-F3CAE707B1FB}"
EndProject
Global
	GlobalSection(SolutionConfigurationPlatforms) = preSolution
		Debug|Any CPU = Debug|Any CPU
		Release|Any CPU = Release|Any CPU
	EndGlobalSection
	GlobalSection(ProjectConfigurationPlatforms) = postSolution
		{43B5179F-7EB5-43CB-BC59-F3CAE707B1FB}.Debug|Any CPU.ActiveCfg = Debug|Any CPU
		{43B5179F-7EB5-43CB-BC59-F3CAE707B1FB}.Debug|Any CPU.Build.0 = Debug|Any CPU
		{43B5179F-7EB5-43CB-BC59-F3CAE707B1FB}.Release|Any CPU.ActiveCfg = Release|Any CPU
		{43B5179F-7EB5-43CB-BC59-F3CAE707B1FB}.Release|Any CPU.Build.0 = Release|Any CPU
	EndGlobalSection
	GlobalSection(SolutionProperties) = preSolution
		HideSolutionNode = FALSE
	EndGlobalSection
	GlobalSection(ExtensibilityGlobals) = postSolution
		SolutionGuid = {D70FCA4C-D69F-4299-A65F-301033C49458}
	EndGlobalSection
EndGlobal
